// !$*UTF8*$!
{
	archiveVersion = 1;
	classes = {
	};
	objectVersion = 46;
	objects = {

/* Begin PBXBuildFile section */
		434651171CFF1F19006D2574 /* main.m in Sources */ = {isa = PBXBuildFile; fileRef = 434651161CFF1F19006D2574 /* main.m */; };
		4346511A1CFF1F19006D2574 /* AppDelegate.m in Sources */ = {isa = PBXBuildFile; fileRef = 434651191CFF1F19006D2574 /* AppDelegate.m */; };
		4346511D1CFF1F19006D2574 /* ViewController.m in Sources */ = {isa = PBXBuildFile; fileRef = 4346511C1CFF1F19006D2574 /* ViewController.m */; };
		434651201CFF1F19006D2574 /* Main.storyboard in Resources */ = {isa = PBXBuildFile; fileRef = 4346511E1CFF1F19006D2574 /* Main.storyboard */; };
		434651221CFF1F19006D2574 /* Assets.xcassets in Resources */ = {isa = PBXBuildFile; fileRef = 434651211CFF1F19006D2574 /* Assets.xcassets */; };
		434651251CFF1F19006D2574 /* LaunchScreen.storyboard in Resources */ = {isa = PBXBuildFile; fileRef = 434651231CFF1F19006D2574 /* LaunchScreen.storyboard */; };
		4346512D1CFF1F32006D2574 /* .gitignore in Resources */ = {isa = PBXBuildFile; fileRef = 4346512C1CFF1F32006D2574 /* .gitignore */; };
		434651331CFF37DB006D2574 /* AddEditRestaurantVC.m in Sources */ = {isa = PBXBuildFile; fileRef = 434651321CFF37DB006D2574 /* AddEditRestaurantVC.m */; };
		436C17921CFF4C2E0000BD8A /* Restaurant.m in Sources */ = {isa = PBXBuildFile; fileRef = 436C17911CFF4C2E0000BD8A /* Restaurant.m */; };
		698CCF9126CA23F2E01B6119 /* libPods-FirebaseTables.a in Frameworks */ = {isa = PBXBuildFile; fileRef = 6BEF9BD01F195CF3458D39B3 /* libPods-FirebaseTables.a */; };
/* End PBXBuildFile section */

/* Begin PBXFileReference section */
		434651121CFF1F19006D2574 /* FirebaseTables.app */ = {isa = PBXFileReference; explicitFileType = wrapper.application; includeInIndex = 0; path = FirebaseTables.app; sourceTree = BUILT_PRODUCTS_DIR; };
		434651161CFF1F19006D2574 /* main.m */ = {isa = PBXFileReference; lastKnownFileType = sourcecode.c.objc; path = main.m; sourceTree = "<group>"; };
		434651181CFF1F19006D2574 /* AppDelegate.h */ = {isa = PBXFileReference; lastKnownFileType = sourcecode.c.h; path = AppDelegate.h; sourceTree = "<group>"; };
		434651191CFF1F19006D2574 /* AppDelegate.m */ = {isa = PBXFileReference; lastKnownFileType = sourcecode.c.objc; path = AppDelegate.m; sourceTree = "<group>"; };
		4346511B1CFF1F19006D2574 /* ViewController.h */ = {isa = PBXFileReference; lastKnownFileType = sourcecode.c.h; path = ViewController.h; sourceTree = "<group>"; };
		4346511C1CFF1F19006D2574 /* ViewController.m */ = {isa = PBXFileReference; lastKnownFileType = sourcecode.c.objc; path = ViewController.m; sourceTree = "<group>"; };
		4346511F1CFF1F19006D2574 /* Base */ = {isa = PBXFileReference; lastKnownFileType = file.storyboard; name = Base; path = Base.lproj/Main.storyboard; sourceTree = "<group>"; };
		434651211CFF1F19006D2574 /* Assets.xcassets */ = {isa = PBXFileReference; lastKnownFileType = folder.assetcatalog; path = Assets.xcassets; sourceTree = "<group>"; };
		434651241CFF1F19006D2574 /* Base */ = {isa = PBXFileReference; lastKnownFileType = file.storyboard; name = Base; path = Base.lproj/LaunchScreen.storyboard; sourceTree = "<group>"; };
		434651261CFF1F19006D2574 /* Info.plist */ = {isa = PBXFileReference; lastKnownFileType = text.plist.xml; path = Info.plist; sourceTree = "<group>"; };
		4346512C1CFF1F32006D2574 /* .gitignore */ = {isa = PBXFileReference; fileEncoding = 4; lastKnownFileType = text; path = .gitignore; sourceTree = "<group>"; };
		434651311CFF37DB006D2574 /* AddEditRestaurantVC.h */ = {isa = PBXFileReference; fileEncoding = 4; lastKnownFileType = sourcecode.c.h; path = AddEditRestaurantVC.h; sourceTree = "<group>"; };
		434651321CFF37DB006D2574 /* AddEditRestaurantVC.m */ = {isa = PBXFileReference; fileEncoding = 4; lastKnownFileType = sourcecode.c.objc; path = AddEditRestaurantVC.m; sourceTree = "<group>"; };
		436C17901CFF4C2E0000BD8A /* Restaurant.h */ = {isa = PBXFileReference; fileEncoding = 4; lastKnownFileType = sourcecode.c.h; path = Restaurant.h; sourceTree = "<group>"; };
		436C17911CFF4C2E0000BD8A /* Restaurant.m */ = {isa = PBXFileReference; fileEncoding = 4; lastKnownFileType = sourcecode.c.objc; path = Restaurant.m; sourceTree = "<group>"; };
		57E4EE1BD76AFDC4DEF64BB3 /* Pods-FirebaseTables.release.xcconfig */ = {isa = PBXFileReference; includeInIndex = 1; lastKnownFileType = text.xcconfig; name = "Pods-FirebaseTables.release.xcconfig"; path = "Pods/Target Support Files/Pods-FirebaseTables/Pods-FirebaseTables.release.xcconfig"; sourceTree = "<group>"; };
		6BEF9BD01F195CF3458D39B3 /* libPods-FirebaseTables.a */ = {isa = PBXFileReference; explicitFileType = archive.ar; includeInIndex = 0; path = "libPods-FirebaseTables.a"; sourceTree = BUILT_PRODUCTS_DIR; };
		D2F366FB572528EACA23B3FF /* Pods-FirebaseTables.debug.xcconfig */ = {isa = PBXFileReference; includeInIndex = 1; lastKnownFileType = text.xcconfig; name = "Pods-FirebaseTables.debug.xcconfig"; path = "Pods/Target Support Files/Pods-FirebaseTables/Pods-FirebaseTables.debug.xcconfig"; sourceTree = "<group>"; };
/* End PBXFileReference section */

/* Begin PBXFrameworksBuildPhase section */
		4346510F1CFF1F19006D2574 /* Frameworks */ = {
			isa = PBXFrameworksBuildPhase;
			buildActionMask = 2147483647;
			files = (
				698CCF9126CA23F2E01B6119 /* libPods-FirebaseTables.a in Frameworks */,
			);
			runOnlyForDeploymentPostprocessing = 0;
		};
/* End PBXFrameworksBuildPhase section */

/* Begin PBXGroup section */
		25804BA325F6F90E637ECCD8 /* Pods */ = {
			isa = PBXGroup;
			children = (
				D2F366FB572528EACA23B3FF /* Pods-FirebaseTables.debug.xcconfig */,
				57E4EE1BD76AFDC4DEF64BB3 /* Pods-FirebaseTables.release.xcconfig */,
			);
			name = Pods;
			sourceTree = "<group>";
		};
		434651091CFF1F19006D2574 = {
			isa = PBXGroup;
			children = (
				434651141CFF1F19006D2574 /* FirebaseTables */,
				434651131CFF1F19006D2574 /* Products */,
				25804BA325F6F90E637ECCD8 /* Pods */,
				B1AA166570346FA8271382C8 /* Frameworks */,
			);
			sourceTree = "<group>";
		};
		434651131CFF1F19006D2574 /* Products */ = {
			isa = PBXGroup;
			children = (
				434651121CFF1F19006D2574 /* FirebaseTables.app */,
			);
			name = Products;
			sourceTree = "<group>";
		};
		434651141CFF1F19006D2574 /* FirebaseTables */ = {
			isa = PBXGroup;
			children = (
				434651181CFF1F19006D2574 /* AppDelegate.h */,
				434651191CFF1F19006D2574 /* AppDelegate.m */,
				4346511B1CFF1F19006D2574 /* ViewController.h */,
				4346511C1CFF1F19006D2574 /* ViewController.m */,
				436C17901CFF4C2E0000BD8A /* Restaurant.h */,
				436C17911CFF4C2E0000BD8A /* Restaurant.m */,
				434651311CFF37DB006D2574 /* AddEditRestaurantVC.h */,
				434651321CFF37DB006D2574 /* AddEditRestaurantVC.m */,
				4346511E1CFF1F19006D2574 /* Main.storyboard */,
				434651211CFF1F19006D2574 /* Assets.xcassets */,
				434651231CFF1F19006D2574 /* LaunchScreen.storyboard */,
				4346512C1CFF1F32006D2574 /* .gitignore */,
				434651261CFF1F19006D2574 /* Info.plist */,
				434651151CFF1F19006D2574 /* Supporting Files */,
			);
			path = FirebaseTables;
			sourceTree = "<group>";
		};
		434651151CFF1F19006D2574 /* Supporting Files */ = {
			isa = PBXGroup;
			children = (
				434651161CFF1F19006D2574 /* main.m */,
			);
			name = "Supporting Files";
			sourceTree = "<group>";
		};
		B1AA166570346FA8271382C8 /* Frameworks */ = {
			isa = PBXGroup;
			children = (
				6BEF9BD01F195CF3458D39B3 /* libPods-FirebaseTables.a */,
			);
			name = Frameworks;
			sourceTree = "<group>";
		};
/* End PBXGroup section */

/* Begin PBXNativeTarget section */
		434651111CFF1F19006D2574 /* FirebaseTables */ = {
			isa = PBXNativeTarget;
			buildConfigurationList = 434651291CFF1F19006D2574 /* Build configuration list for PBXNativeTarget "FirebaseTables" */;
			buildPhases = (
				ADEBB54113ECA3517E049F7C /* 📦 Check Pods Manifest.lock */,
				4346510E1CFF1F19006D2574 /* Sources */,
				4346510F1CFF1F19006D2574 /* Frameworks */,
				434651101CFF1F19006D2574 /* Resources */,
				8116534BE20D7E7525016168 /* 📦 Embed Pods Frameworks */,
				270A2A2BDC535ACBBF7B691F /* 📦 Copy Pods Resources */,
			);
			buildRules = (
			);
			dependencies = (
			);
			name = FirebaseTables;
			productName = FirebaseTables;
			productReference = 434651121CFF1F19006D2574 /* FirebaseTables.app */;
			productType = "com.apple.product-type.application";
		};
/* End PBXNativeTarget section */

/* Begin PBXProject section */
		4346510A1CFF1F19006D2574 /* Project object */ = {
			isa = PBXProject;
			attributes = {
				LastUpgradeCheck = 0730;
				ORGANIZATIONNAME = DetroitLabs;
				TargetAttributes = {
					434651111CFF1F19006D2574 = {
						CreatedOnToolsVersion = 7.3.1;
					};
				};
			};
			buildConfigurationList = 4346510D1CFF1F19006D2574 /* Build configuration list for PBXProject "FirebaseTables" */;
			compatibilityVersion = "Xcode 3.2";
			developmentRegion = English;
			hasScannedForEncodings = 0;
			knownRegions = (
				en,
				Base,
			);
			mainGroup = 434651091CFF1F19006D2574;
			productRefGroup = 434651131CFF1F19006D2574 /* Products */;
			projectDirPath = "";
			projectRoot = "";
			targets = (
				434651111CFF1F19006D2574 /* FirebaseTables */,
			);
		};
/* End PBXProject section */

/* Begin PBXResourcesBuildPhase section */
		434651101CFF1F19006D2574 /* Resources */ = {
			isa = PBXResourcesBuildPhase;
			buildActionMask = 2147483647;
			files = (
				4346512D1CFF1F32006D2574 /* .gitignore in Resources */,
				434651251CFF1F19006D2574 /* LaunchScreen.storyboard in Resources */,
				434651221CFF1F19006D2574 /* Assets.xcassets in Resources */,
				434651201CFF1F19006D2574 /* Main.storyboard in Resources */,
			);
			runOnlyForDeploymentPostprocessing = 0;
		};
/* End PBXResourcesBuildPhase section */

/* Begin PBXShellScriptBuildPhase section */
		270A2A2BDC535ACBBF7B691F /* 📦 Copy Pods Resources */ = {
			isa = PBXShellScriptBuildPhase;
			buildActionMask = 2147483647;
			files = (
			);
			inputPaths = (
			);
			name = "📦 Copy Pods Resources";
			outputPaths = (
			);
			runOnlyForDeploymentPostprocessing = 0;
			shellPath = /bin/sh;
			shellScript = "\"${SRCROOT}/Pods/Target Support Files/Pods-FirebaseTables/Pods-FirebaseTables-resources.sh\"\n";
			showEnvVarsInLog = 0;
		};
		8116534BE20D7E7525016168 /* 📦 Embed Pods Frameworks */ = {
			isa = PBXShellScriptBuildPhase;
			buildActionMask = 2147483647;
			files = (
			);
			inputPaths = (
			);
			name = "📦 Embed Pods Frameworks";
			outputPaths = (
			);
			runOnlyForDeploymentPostprocessing = 0;
			shellPath = /bin/sh;
			shellScript = "\"${SRCROOT}/Pods/Target Support Files/Pods-FirebaseTables/Pods-FirebaseTables-frameworks.sh\"\n";
			showEnvVarsInLog = 0;
		};
		ADEBB54113ECA3517E049F7C /* 📦 Check Pods Manifest.lock */ = {
			isa = PBXShellScriptBuildPhase;
			buildActionMask = 2147483647;
			files = (
			);
			inputPaths = (
			);
			name = "📦 Check Pods Manifest.lock";
			outputPaths = (
			);
			runOnlyForDeploymentPostprocessing = 0;
			shellPath = /bin/sh;
			shellScript = "diff \"${PODS_ROOT}/../Podfile.lock\" \"${PODS_ROOT}/Manifest.lock\" > /dev/null\nif [[ $? != 0 ]] ; then\n    cat << EOM\nerror: The sandbox is not in sync with the Podfile.lock. Run 'pod install' or update your CocoaPods installation.\nEOM\n    exit 1\nfi\n";
			showEnvVarsInLog = 0;
		};
/* End PBXShellScriptBuildPhase section */

/* Begin PBXSourcesBuildPhase section */
		4346510E1CFF1F19006D2574 /* Sources */ = {
			isa = PBXSourcesBuildPhase;
			buildActionMask = 2147483647;
			files = (
				4346511D1CFF1F19006D2574 /* ViewController.m in Sources */,
				436C17921CFF4C2E0000BD8A /* Restaurant.m in Sources */,
				434651331CFF37DB006D2574 /* AddEditRestaurantVC.m in Sources */,
				4346511A1CFF1F19006D2574 /* AppDelegate.m in Sources */,
				434651171CFF1F19006D2574 /* main.m in Sources */,
			);
			runOnlyForDeploymentPostprocessing = 0;
		};
/* End PBXSourcesBuildPhase section */

/* Begin PBXVariantGroup section */
		4346511E1CFF1F19006D2574 /* Main.storyboard */ = {
			isa = PBXVariantGroup;
			children = (
				4346511F1CFF1F19006D2574 /* Base */,
			);
			name = Main.storyboard;
			sourceTree = "<group>";
		};
		434651231CFF1F19006D2574 /* LaunchScreen.storyboard */ = {
			isa = PBXVariantGroup;
			children = (
				434651241CFF1F19006D2574 /* Base */,
			);
			name = LaunchScreen.storyboard;
			sourceTree = "<group>";
		};
/* End PBXVariantGroup section */

/* Begin XCBuildConfiguration section */
		434651271CFF1F19006D2574 /* Debug */ = {
			isa = XCBuildConfiguration;
			buildSettings = {
				ALWAYS_SEARCH_USER_PATHS = NO;
				CLANG_ANALYZER_NONNULL = YES;
				CLANG_CXX_LANGUAGE_STANDARD = "gnu++0x";
				CLANG_CXX_LIBRARY = "libc++";
				CLANG_ENABLE_MODULES = YES;
				CLANG_ENABLE_OBJC_ARC = YES;
				CLANG_WARN_BOOL_CONVERSION = YES;
				CLANG_WARN_CONSTANT_CONVERSION = YES;
				CLANG_WARN_DIRECT_OBJC_ISA_USAGE = YES_ERROR;
				CLANG_WARN_EMPTY_BODY = YES;
				CLANG_WARN_ENUM_CONVERSION = YES;
				CLANG_WARN_INT_CONVERSION = YES;
				CLANG_WARN_OBJC_ROOT_CLASS = YES_ERROR;
				CLANG_WARN_UNREACHABLE_CODE = YES;
				CLANG_WARN__DUPLICATE_METHOD_MATCH = YES;
				"CODE_SIGN_IDENTITY[sdk=iphoneos*]" = "iPhone Developer";
				COPY_PHASE_STRIP = NO;
				DEBUG_INFORMATION_FORMAT = dwarf;
				ENABLE_STRICT_OBJC_MSGSEND = YES;
				ENABLE_TESTABILITY = YES;
				GCC_C_LANGUAGE_STANDARD = gnu99;
				GCC_DYNAMIC_NO_PIC = NO;
				GCC_NO_COMMON_BLOCKS = YES;
				GCC_OPTIMIZATION_LEVEL = 0;
				GCC_PREPROCESSOR_DEFINITIONS = (
					"DEBUG=1",
					"$(inherited)",
				);
				GCC_WARN_64_TO_32_BIT_CONVERSION = YES;
				GCC_WARN_ABOUT_RETURN_TYPE = YES_ERROR;
				GCC_WARN_UNDECLARED_SELECTOR = YES;
				GCC_WARN_UNINITIALIZED_AUTOS = YES_AGGRESSIVE;
				GCC_WARN_UNUSED_FUNCTION = YES;
				GCC_WARN_UNUSED_VARIABLE = YES;
				IPHONEOS_DEPLOYMENT_TARGET = 9.3;
				MTL_ENABLE_DEBUG_INFO = YES;
				ONLY_ACTIVE_ARCH = YES;
				SDKROOT = iphoneos;
			};
			name = Debug;
		};
		434651281CFF1F19006D2574 /* Release */ = {
			isa = XCBuildConfiguration;
			buildSettings = {
				ALWAYS_SEARCH_USER_PATHS = NO;
				CLANG_ANALYZER_NONNULL = YES;
				CLANG_CXX_LANGUAGE_STANDARD = "gnu++0x";
				CLANG_CXX_LIBRARY = "libc++";
				CLANG_ENABLE_MODULES = YES;
				CLANG_ENABLE_OBJC_ARC = YES;
				CLANG_WARN_BOOL_CONVERSION = YES;
				CLANG_WARN_CONSTANT_CONVERSION = YES;
				CLANG_WARN_DIRECT_OBJC_ISA_USAGE = YES_ERROR;
				CLANG_WARN_EMPTY_BODY = YES;
				CLANG_WARN_ENUM_CONVERSION = YES;
				CLANG_WARN_INT_CONVERSION = YES;
				CLANG_WARN_OBJC_ROOT_CLASS = YES_ERROR;
				CLANG_WARN_UNREACHABLE_CODE = YES;
				CLANG_WARN__DUPLICATE_METHOD_MATCH = YES;
				"CODE_SIGN_IDENTITY[sdk=iphoneos*]" = "iPhone Developer";
				COPY_PHASE_STRIP = NO;
				DEBUG_INFORMATION_FORMAT = "dwarf-with-dsym";
				ENABLE_NS_ASSERTIONS = NO;
				ENABLE_STRICT_OBJC_MSGSEND = YES;
				GCC_C_LANGUAGE_STANDARD = gnu99;
				GCC_NO_COMMON_BLOCKS = YES;
				GCC_WARN_64_TO_32_BIT_CONVERSION = YES;
				GCC_WARN_ABOUT_RETURN_TYPE = YES_ERROR;
				GCC_WARN_UNDECLARED_SELECTOR = YES;
				GCC_WARN_UNINITIALIZED_AUTOS = YES_AGGRESSIVE;
				GCC_WARN_UNUSED_FUNCTION = YES;
				GCC_WARN_UNUSED_VARIABLE = YES;
				IPHONEOS_DEPLOYMENT_TARGET = 9.3;
				MTL_ENABLE_DEBUG_INFO = NO;
				SDKROOT = iphoneos;
				VALIDATE_PRODUCT = YES;
			};
			name = Release;
		};
		4346512A1CFF1F19006D2574 /* Debug */ = {
			isa = XCBuildConfiguration;
			baseConfigurationReference = D2F366FB572528EACA23B3FF /* Pods-FirebaseTables.debug.xcconfig */;
			buildSettings = {
				ASSETCATALOG_COMPILER_APPICON_NAME = AppIcon;
				INFOPLIST_FILE = FirebaseTables/Info.plist;
				LD_RUNPATH_SEARCH_PATHS = "$(inherited) @executable_path/Frameworks";
				PRODUCT_BUNDLE_IDENTIFIER = detroitlabs.FirebaseTables;
				PRODUCT_NAME = "$(TARGET_NAME)";
			};
			name = Debug;
		};
		4346512B1CFF1F19006D2574 /* Release */ = {
			isa = XCBuildConfiguration;
			baseConfigurationReference = 57E4EE1BD76AFDC4DEF64BB3 /* Pods-FirebaseTables.release.xcconfig */;
			buildSettings = {
				ASSETCATALOG_COMPILER_APPICON_NAME = AppIcon;
				INFOPLIST_FILE = FirebaseTables/Info.plist;
				LD_RUNPATH_SEARCH_PATHS = "$(inherited) @executable_path/Frameworks";
				PRODUCT_BUNDLE_IDENTIFIER = detroitlabs.FirebaseTables;
				PRODUCT_NAME = "$(TARGET_NAME)";
			};
			name = Release;
		};
/* End XCBuildConfiguration section */

/* Begin XCConfigurationList section */
		4346510D1CFF1F19006D2574 /* Build configuration list for PBXProject "FirebaseTables" */ = {
			isa = XCConfigurationList;
			buildConfigurations = (
				434651271CFF1F19006D2574 /* Debug */,
				434651281CFF1F19006D2574 /* Release */,
			);
			defaultConfigurationIsVisible = 0;
			defaultConfigurationName = Release;
		};
		434651291CFF1F19006D2574 /* Build configuration list for PBXNativeTarget "FirebaseTables" */ = {
			isa = XCConfigurationList;
			buildConfigurations = (
				4346512A1CFF1F19006D2574 /* Debug */,
				4346512B1CFF1F19006D2574 /* Release */,
			);
			defaultConfigurationIsVisible = 0;
			defaultConfigurationName = Release;
		};
/* End XCConfigurationList section */
	};
	rootObject = 4346510A1CFF1F19006D2574 /* Project object */;
}
